{
  "lockfileVersion": 1,
  "workspaces": {
    "": {
      "name": "hono",
      "dependencies": {
        "hono": "^4.9.4",
        "openai": "^5.15.0",
      },
    },
  },
  "packages": {
    "hono": ["hono@4.9.4", "", {}, "sha512-61hl6MF6ojTl/8QSRu5ran6GXt+6zsngIUN95KzF5v5UjiX/xnrLR358BNRawwIRO49JwUqJqQe3Rb2v559R8Q=="],

    "openai": ["openai@5.15.0", "", { "peerDependencies": { "ws": "^8.18.0", "zod": "^3.23.8" }, "optionalPeers": ["ws", "zod"], "bin": { "openai": "bin/cli" } }, "sha512-kcUdws8K/A8m02I+IqFBwO51gS+87GP89yWEufGbzEi8anBz4FB/bti2QxaJdGwwY4mwJGzx85XO7TuL/Tpu1w=="],
  }
}
